
Microsoft Visual Studio Solution File, Format Version 12.00
# Visual Studio Version 16
VisualStudioVersion = 16.0.31005.135
MinimumVisualStudioVersion = 10.0.40219.1
Project("{FAE04EC0-301F-11D3-BF4B-00C04F79EFBC}") = "me.cqp.luohuaming.GenshinQuery.Tool", "Native.Tool\me.cqp.luohuaming.GenshinQuery.Tool.csproj", "{0CA93EB9-4E25-46C6-94D2-0F97137A1606}"
EndProject
Project("{FAE04EC0-301F-11D3-BF4B-00C04F79EFBC}") = "me.cqp.luohuaming.GenshinQuery.Sdk", "Native.Sdk\me.cqp.luohuaming.GenshinQuery.Sdk.csproj", "{D7A958B3-79D9-49F8-8BB4-9619BAB6ECBA}"
EndProject
Project("{FAE04EC0-301F-11D3-BF4B-00C04F79EFBC}") = "me.cqp.luohuaming.GenshinQuery.Core", "Native.Core\me.cqp.luohuaming.GenshinQuery.Core.csproj", "{C03C5BB7-91D0-4894-AAF9-127090DFAD91}"
EndProject
Project("{FAE04EC0-301F-11D3-BF4B-00C04F79EFBC}") = "me.cqp.luohuaming.GenshinQuery.Code", "me.cqp.luohuaming.GenshinQuery.Code\me.cqp.luohuaming.GenshinQuery.Code.csproj", "{7A675AAC-50C1-49A8-A663-9CAA6674C614}"
EndProject
Project("{FAE04EC0-301F-11D3-BF4B-00C04F79EFBC}") = "me.cqp.luohuaming.GenshinQuery.UI", "me.cqp.luohuaming.GenshinQuery.UI\me.cqp.luohuaming.GenshinQuery.UI.csproj", "{6E9094E7-EB54-4BDD-9CAF-EAC840E35362}"
EndProject
Project("{FAE04EC0-301F-11D3-BF4B-00C04F79EFBC}") = "me.cqp.luohuaming.GenshinQuery.PublicInfos", "PublicInfos\me.cqp.luohuaming.GenshinQuery.PublicInfos.csproj", "{9CA41650-71F2-4F0C-9A80-9CDB5A7D593C}"
EndProject
Global
	GlobalSection(SolutionConfigurationPlatforms) = preSolution
		Debug|Any CPU = Debug|Any CPU
		Debug|x86 = Debug|x86
		Release|Any CPU = Release|Any CPU
		Release|x86 = Release|x86
	EndGlobalSection
	GlobalSection(ProjectConfigurationPlatforms) = postSolution
		{0CA93EB9-4E25-46C6-94D2-0F97137A1606}.Debug|Any CPU.ActiveCfg = Debug|x86
		{0CA93EB9-4E25-46C6-94D2-0F97137A1606}.Debug|Any CPU.Build.0 = Debug|x86
		{0CA93EB9-4E25-46C6-94D2-0F97137A1606}.Debug|x86.ActiveCfg = Debug|x86
		{0CA93EB9-4E25-46C6-94D2-0F97137A1606}.Debug|x86.Build.0 = Debug|x86
		{0CA93EB9-4E25-46C6-94D2-0F97137A1606}.Release|Any CPU.ActiveCfg = Release|x86
		{0CA93EB9-4E25-46C6-94D2-0F97137A1606}.Release|x86.ActiveCfg = Release|x86
		{0CA93EB9-4E25-46C6-94D2-0F97137A1606}.Release|x86.Build.0 = Release|x86
		{D7A958B3-79D9-49F8-8BB4-9619BAB6ECBA}.Debug|Any CPU.ActiveCfg = Debug|x86
		{D7A958B3-79D9-49F8-8BB4-9619BAB6ECBA}.Debug|Any CPU.Build.0 = Debug|x86
		{D7A958B3-79D9-49F8-8BB4-9619BAB6ECBA}.Debug|x86.ActiveCfg = Debug|x86
		{D7A958B3-79D9-49F8-8BB4-9619BAB6ECBA}.Debug|x86.Build.0 = Debug|x86
		{D7A958B3-79D9-49F8-8BB4-9619BAB6ECBA}.Release|Any CPU.ActiveCfg = Release|x86
		{D7A958B3-79D9-49F8-8BB4-9619BAB6ECBA}.Release|x86.ActiveCfg = Release|x86
		{D7A958B3-79D9-49F8-8BB4-9619BAB6ECBA}.Release|x86.Build.0 = Release|x86
		{C03C5BB7-91D0-4894-AAF9-127090DFAD91}.Debug|Any CPU.ActiveCfg = Debug|x86
		{C03C5BB7-91D0-4894-AAF9-127090DFAD91}.Debug|Any CPU.Build.0 = Debug|x86
		{C03C5BB7-91D0-4894-AAF9-127090DFAD91}.Debug|x86.ActiveCfg = Debug|x86
		{C03C5BB7-91D0-4894-AAF9-127090DFAD91}.Debug|x86.Build.0 = Debug|x86
		{C03C5BB7-91D0-4894-AAF9-127090DFAD91}.Release|Any CPU.ActiveCfg = Release|x86
		{C03C5BB7-91D0-4894-AAF9-127090DFAD91}.Release|x86.ActiveCfg = Release|x86
		{C03C5BB7-91D0-4894-AAF9-127090DFAD91}.Release|x86.Build.0 = Release|x86
		{7A675AAC-50C1-49A8-A663-9CAA6674C614}.Debug|Any CPU.ActiveCfg = Debug|x86
		{7A675AAC-50C1-49A8-A663-9CAA6674C614}.Debug|Any CPU.Build.0 = Debug|x86
		{7A675AAC-50C1-49A8-A663-9CAA6674C614}.Debug|x86.ActiveCfg = Debug|x86
		{7A675AAC-50C1-49A8-A663-9CAA6674C614}.Debug|x86.Build.0 = Debug|x86
		{7A675AAC-50C1-49A8-A663-9CAA6674C614}.Release|Any CPU.ActiveCfg = Release|Any CPU
		{7A675AAC-50C1-49A8-A663-9CAA6674C614}.Release|Any CPU.Build.0 = Release|Any CPU
		{7A675AAC-50C1-49A8-A663-9CAA6674C614}.Release|x86.ActiveCfg = Release|Any CPU
		{7A675AAC-50C1-49A8-A663-9CAA6674C614}.Release|x86.Build.0 = Release|Any CPU
		{6E9094E7-EB54-4BDD-9CAF-EAC840E35362}.Debug|Any CPU.ActiveCfg = Debug|x86
		{6E9094E7-EB54-4BDD-9CAF-EAC840E35362}.Debug|Any CPU.Build.0 = Debug|x86
		{6E9094E7-EB54-4BDD-9CAF-EAC840E35362}.Debug|x86.ActiveCfg = Debug|x86
		{6E9094E7-EB54-4BDD-9CAF-EAC840E35362}.Debug|x86.Build.0 = Debug|x86
		{6E9094E7-EB54-4BDD-9CAF-EAC840E35362}.Release|Any CPU.ActiveCfg = Release|Any CPU
		{6E9094E7-EB54-4BDD-9CAF-EAC840E35362}.Release|Any CPU.Build.0 = Release|Any CPU
		{6E9094E7-EB54-4BDD-9CAF-EAC840E35362}.Release|x86.ActiveCfg = Release|Any CPU
		{6E9094E7-EB54-4BDD-9CAF-EAC840E35362}.Release|x86.Build.0 = Release|Any CPU
		{9CA41650-71F2-4F0C-9A80-9CDB5A7D593C}.Debug|Any CPU.ActiveCfg = Debug|x86
		{9CA41650-71F2-4F0C-9A80-9CDB5A7D593C}.Debug|Any CPU.Build.0 = Debug|x86
		{9CA41650-71F2-4F0C-9A80-9CDB5A7D593C}.Debug|x86.ActiveCfg = Debug|x86
		{9CA41650-71F2-4F0C-9A80-9CDB5A7D593C}.Debug|x86.Build.0 = Debug|x86
		{9CA41650-71F2-4F0C-9A80-9CDB5A7D593C}.Release|Any CPU.ActiveCfg = Release|Any CPU
		{9CA41650-71F2-4F0C-9A80-9CDB5A7D593C}.Release|Any CPU.Build.0 = Release|Any CPU
		{9CA41650-71F2-4F0C-9A80-9CDB5A7D593C}.Release|x86.ActiveCfg = Release|Any CPU
		{9CA41650-71F2-4F0C-9A80-9CDB5A7D593C}.Release|x86.Build.0 = Release|Any CPU
	EndGlobalSection
	GlobalSection(SolutionProperties) = preSolution
		HideSolutionNode = FALSE
	EndGlobalSection
	GlobalSection(ExtensibilityGlobals) = postSolution
		SolutionGuid = {EE9D5E5A-55AA-4FD1-A2AC-7091CBED6C85}
	EndGlobalSection
EndGlobal
